
Microsoft Visual Studio Solution File, Format Version 12.00
# Visual Studio Version 16
VisualStudioVersion = 16.0.29905.134
MinimumVisualStudioVersion = 10.0.40219.1
Project("{FAE04EC0-301F-11D3-BF4B-00C04F79EFBC}") = "EscritorioFerme", "EscritorioFerme\EscritorioFerme.csproj", "{24D3008D-25A7-4D67-A2AD-CEE13B4BAB9E}"
EndProject
Project("{FAE04EC0-301F-11D3-BF4B-00C04F79EFBC}") = "CapaDatosAccess", "CapaDatosAccess\CapaDatosAccess.csproj", "{07A741A5-7CD8-4E11-A8CD-358AA5B4764F}"
EndProject
Global
	GlobalSection(SolutionConfigurationPlatforms) = preSolution
		Debug|Any CPU = Debug|Any CPU
		Release|Any CPU = Release|Any CPU
	EndGlobalSection
	GlobalSection(ProjectConfigurationPlatforms) = postSolution
		{24D3008D-25A7-4D67-A2AD-CEE13B4BAB9E}.Debug|Any CPU.ActiveCfg = Debug|Any CPU
		{24D3008D-25A7-4D67-A2AD-CEE13B4BAB9E}.Debug|Any CPU.Build.0 = Debug|Any CPU
		{24D3008D-25A7-4D67-A2AD-CEE13B4BAB9E}.Release|Any CPU.ActiveCfg = Release|Any CPU
		{24D3008D-25A7-4D67-A2AD-CEE13B4BAB9E}.Release|Any CPU.Build.0 = Release|Any CPU
		{07A741A5-7CD8-4E11-A8CD-358AA5B4764F}.Debug|Any CPU.ActiveCfg = Debug|Any CPU
		{07A741A5-7CD8-4E11-A8CD-358AA5B4764F}.Debug|Any CPU.Build.0 = Debug|Any CPU
		{07A741A5-7CD8-4E11-A8CD-358AA5B4764F}.Release|Any CPU.ActiveCfg = Release|Any CPU
		{07A741A5-7CD8-4E11-A8CD-358AA5B4764F}.Release|Any CPU.Build.0 = Release|Any CPU
	EndGlobalSection
	GlobalSection(SolutionProperties) = preSolution
		HideSolutionNode = FALSE
	EndGlobalSection
	GlobalSection(ExtensibilityGlobals) = postSolution
		SolutionGuid = {294D1D66-FDF2-444B-9C95-18D8F822FF4D}
	EndGlobalSection
EndGlobal
